
Microsoft Visual Studio Solution File, Format Version 12.00
# Visual Studio Version 17
VisualStudioVersion = 17.0.31912.275
MinimumVisualStudioVersion = 10.0.40219.1
Project("{FAE04EC0-301F-11D3-BF4B-00C04F79EFBC}") = "EventHubReceiver", "EventHubReceiver\EventHubReceiver.csproj", "{F9B095AC-CB0E-4D1F-978C-3E9EE5E5B376}"
EndProject
Global
	GlobalSection(SolutionConfigurationPlatforms) = preSolution
		Debug|Any CPU = Debug|Any CPU
		Release|Any CPU = Release|Any CPU
	EndGlobalSection
	GlobalSection(ProjectConfigurationPlatforms) = postSolution
		{F9B095AC-CB0E-4D1F-978C-3E9EE5E5B376}.Debug|Any CPU.ActiveCfg = Debug|Any CPU
		{F9B095AC-CB0E-4D1F-978C-3E9EE5E5B376}.Debug|Any CPU.Build.0 = Debug|Any CPU
		{F9B095AC-CB0E-4D1F-978C-3E9EE5E5B376}.Release|Any CPU.ActiveCfg = Release|Any CPU
		{F9B095AC-CB0E-4D1F-978C-3E9EE5E5B376}.Release|Any CPU.Build.0 = Release|Any CPU
	EndGlobalSection
	GlobalSection(SolutionProperties) = preSolution
		HideSolutionNode = FALSE
	EndGlobalSection
	GlobalSection(ExtensibilityGlobals) = postSolution
		SolutionGuid = {277C9E83-F89C-42E9-8383-AA6A0EC4A151}
	EndGlobalSection
EndGlobal
